// !$*UTF8*$!
{
	archiveVersion = 1;
	classes = {
	};
	objectVersion = 50;
	objects = {

/* Begin PBXBuildFile section */
		165ADD2522E0191C0019BB3F /* CustomBar.swift in Sources */ = {isa = PBXBuildFile; fileRef = 165ADD2422E0191B0019BB3F /* CustomBar.swift */; };
		166E2E9D22D825C2006B621C /* Home.storyboard in Resources */ = {isa = PBXBuildFile; fileRef = 166E2E9B22D825C2006B621C /* Home.storyboard */; };
		166E2E9F22D825FC006B621C /* History.storyboard in Resources */ = {isa = PBXBuildFile; fileRef = 166E2E9E22D825FC006B621C /* History.storyboard */; };
		166E2EA222D8326D006B621C /* DataHandler.swift in Sources */ = {isa = PBXBuildFile; fileRef = 166E2EA122D8326D006B621C /* DataHandler.swift */; };
		166F349922DC49E5008D362F /* TrackingViewController.swift in Sources */ = {isa = PBXBuildFile; fileRef = 166F349822DC49E5008D362F /* TrackingViewController.swift */; };
		166F349B22DDA39B008D362F /* GoalsForm.storyboard in Resources */ = {isa = PBXBuildFile; fileRef = 166F349A22DDA39B008D362F /* GoalsForm.storyboard */; };
		166F349D22DDA3C1008D362F /* GoalsFormViewController.swift in Sources */ = {isa = PBXBuildFile; fileRef = 166F349C22DDA3C1008D362F /* GoalsFormViewController.swift */; };
		1689FD1B22DC33C60098F04C /* DetailHistoryTableViewCell.swift in Sources */ = {isa = PBXBuildFile; fileRef = 1689FD1A22DC33C60098F04C /* DetailHistoryTableViewCell.swift */; };
		16B8A0CE22DC226A00A023A1 /* DetailHistoryViewController.swift in Sources */ = {isa = PBXBuildFile; fileRef = 16B8A0CD22DC226A00A023A1 /* DetailHistoryViewController.swift */; };
		16B8A0D022DC22D400A023A1 /* HistoryViewController.swift in Sources */ = {isa = PBXBuildFile; fileRef = 16B8A0CF22DC22D400A023A1 /* HistoryViewController.swift */; };
		16B91D1022D788DF0054655D /* WeekHistoryTableViewCell.swift in Sources */ = {isa = PBXBuildFile; fileRef = 16B91D0F22D788DF0054655D /* WeekHistoryTableViewCell.swift */; };
		16E0B6F322D57F3D0008B224 /* AppDelegate.swift in Sources */ = {isa = PBXBuildFile; fileRef = 16E0B6F222D57F3D0008B224 /* AppDelegate.swift */; };
		16E0B6F522D57F3D0008B224 /* ViewController.swift in Sources */ = {isa = PBXBuildFile; fileRef = 16E0B6F422D57F3D0008B224 /* ViewController.swift */; };
		16E0B6F822D57F3D0008B224 /* Main.storyboard in Resources */ = {isa = PBXBuildFile; fileRef = 16E0B6F622D57F3D0008B224 /* Main.storyboard */; };
		16E0B6FB22D57F3D0008B224 /* Joggen.xcdatamodeld in Sources */ = {isa = PBXBuildFile; fileRef = 16E0B6F922D57F3D0008B224 /* Joggen.xcdatamodeld */; };
		16E0B6FD22D57F3E0008B224 /* Assets.xcassets in Resources */ = {isa = PBXBuildFile; fileRef = 16E0B6FC22D57F3E0008B224 /* Assets.xcassets */; };
		16E0B70022D57F3E0008B224 /* LaunchScreen.storyboard in Resources */ = {isa = PBXBuildFile; fileRef = 16E0B6FE22D57F3E0008B224 /* LaunchScreen.storyboard */; };
		16E0B70822D5D9F20008B224 /* HomeViewCell.swift in Sources */ = {isa = PBXBuildFile; fileRef = 16E0B70722D5D9F20008B224 /* HomeViewCell.swift */; };
		16E0B70B22D5DDCC0008B224 /* Model.swift in Sources */ = {isa = PBXBuildFile; fileRef = 16E0B70A22D5DDCC0008B224 /* Model.swift */; };
		16FBC5D822E37A1D00FB8C57 /* TrackingStopWatch.swift in Sources */ = {isa = PBXBuildFile; fileRef = 16FBC5D722E37A1D00FB8C57 /* TrackingStopWatch.swift */; };
		16FBC5DA22E37A5200FB8C57 /* TrackingUI.swift in Sources */ = {isa = PBXBuildFile; fileRef = 16FBC5D922E37A5200FB8C57 /* TrackingUI.swift */; };
		16FBC5DC22E37A8900FB8C57 /* TrackingSensor.swift in Sources */ = {isa = PBXBuildFile; fileRef = 16FBC5DB22E37A8900FB8C57 /* TrackingSensor.swift */; };
/* End PBXBuildFile section */

/* Begin PBXFileReference section */
		165ADD2422E0191B0019BB3F /* CustomBar.swift */ = {isa = PBXFileReference; fileEncoding = 4; lastKnownFileType = sourcecode.swift; path = CustomBar.swift; sourceTree = "<group>"; };
		166E2E9C22D825C2006B621C /* Base */ = {isa = PBXFileReference; lastKnownFileType = file.storyboard; name = Base; path = Joggen/Base.lproj/Home.storyboard; sourceTree = "<group>"; };
		166E2E9E22D825FC006B621C /* History.storyboard */ = {isa = PBXFileReference; fileEncoding = 4; lastKnownFileType = file.storyboard; path = History.storyboard; sourceTree = "<group>"; };
		166E2EA122D8326D006B621C /* DataHandler.swift */ = {isa = PBXFileReference; lastKnownFileType = sourcecode.swift; path = DataHandler.swift; sourceTree = "<group>"; };
		166F349822DC49E5008D362F /* TrackingViewController.swift */ = {isa = PBXFileReference; fileEncoding = 4; lastKnownFileType = sourcecode.swift; path = TrackingViewController.swift; sourceTree = "<group>"; };
		166F349A22DDA39B008D362F /* GoalsForm.storyboard */ = {isa = PBXFileReference; fileEncoding = 4; lastKnownFileType = file.storyboard; path = GoalsForm.storyboard; sourceTree = "<group>"; };
		166F349C22DDA3C1008D362F /* GoalsFormViewController.swift */ = {isa = PBXFileReference; fileEncoding = 4; lastKnownFileType = sourcecode.swift; path = GoalsFormViewController.swift; sourceTree = "<group>"; };
		1689FD1A22DC33C60098F04C /* DetailHistoryTableViewCell.swift */ = {isa = PBXFileReference; lastKnownFileType = sourcecode.swift; path = DetailHistoryTableViewCell.swift; sourceTree = "<group>"; };
		16B8A0CD22DC226A00A023A1 /* DetailHistoryViewController.swift */ = {isa = PBXFileReference; fileEncoding = 4; lastKnownFileType = sourcecode.swift; path = DetailHistoryViewController.swift; sourceTree = "<group>"; };
		16B8A0CF22DC22D400A023A1 /* HistoryViewController.swift */ = {isa = PBXFileReference; lastKnownFileType = sourcecode.swift; path = HistoryViewController.swift; sourceTree = "<group>"; };
		16B91D0F22D788DF0054655D /* WeekHistoryTableViewCell.swift */ = {isa = PBXFileReference; lastKnownFileType = sourcecode.swift; path = WeekHistoryTableViewCell.swift; sourceTree = "<group>"; };
		16E0B6EF22D57F3D0008B224 /* Joggen.app */ = {isa = PBXFileReference; explicitFileType = wrapper.application; includeInIndex = 0; path = Joggen.app; sourceTree = BUILT_PRODUCTS_DIR; };
		16E0B6F222D57F3D0008B224 /* AppDelegate.swift */ = {isa = PBXFileReference; lastKnownFileType = sourcecode.swift; path = AppDelegate.swift; sourceTree = "<group>"; };
		16E0B6F422D57F3D0008B224 /* ViewController.swift */ = {isa = PBXFileReference; lastKnownFileType = sourcecode.swift; path = ViewController.swift; sourceTree = "<group>"; };
		16E0B6F722D57F3D0008B224 /* Base */ = {isa = PBXFileReference; lastKnownFileType = file.storyboard; name = Base; path = Base.lproj/Main.storyboard; sourceTree = "<group>"; };
		16E0B6FA22D57F3D0008B224 /* Joggen.xcdatamodel */ = {isa = PBXFileReference; lastKnownFileType = wrapper.xcdatamodel; path = Joggen.xcdatamodel; sourceTree = "<group>"; };
		16E0B6FC22D57F3E0008B224 /* Assets.xcassets */ = {isa = PBXFileReference; lastKnownFileType = folder.assetcatalog; path = Assets.xcassets; sourceTree = "<group>"; };
		16E0B6FF22D57F3E0008B224 /* Base */ = {isa = PBXFileReference; lastKnownFileType = file.storyboard; name = Base; path = Base.lproj/LaunchScreen.storyboard; sourceTree = "<group>"; };
		16E0B70122D57F3E0008B224 /* Info.plist */ = {isa = PBXFileReference; lastKnownFileType = text.plist.xml; path = Info.plist; sourceTree = "<group>"; };
		16E0B70722D5D9F20008B224 /* HomeViewCell.swift */ = {isa = PBXFileReference; lastKnownFileType = sourcecode.swift; path = HomeViewCell.swift; sourceTree = "<group>"; };
		16E0B70A22D5DDCC0008B224 /* Model.swift */ = {isa = PBXFileReference; lastKnownFileType = sourcecode.swift; path = Model.swift; sourceTree = "<group>"; };
		16FBC5D722E37A1D00FB8C57 /* TrackingStopWatch.swift */ = {isa = PBXFileReference; lastKnownFileType = sourcecode.swift; path = TrackingStopWatch.swift; sourceTree = "<group>"; };
		16FBC5D922E37A5200FB8C57 /* TrackingUI.swift */ = {isa = PBXFileReference; lastKnownFileType = sourcecode.swift; path = TrackingUI.swift; sourceTree = "<group>"; };
		16FBC5DB22E37A8900FB8C57 /* TrackingSensor.swift */ = {isa = PBXFileReference; lastKnownFileType = sourcecode.swift; path = TrackingSensor.swift; sourceTree = "<group>"; };
/* End PBXFileReference section */

/* Begin PBXFrameworksBuildPhase section */
		16E0B6EC22D57F3D0008B224 /* Frameworks */ = {
			isa = PBXFrameworksBuildPhase;
			buildActionMask = 2147483647;
			files = (
			);
			runOnlyForDeploymentPostprocessing = 0;
		};
/* End PBXFrameworksBuildPhase section */

/* Begin PBXGroup section */
		165ADD2322E0190F0019BB3F /* CustomBar */ = {
			isa = PBXGroup;
			children = (
				165ADD2422E0191B0019BB3F /* CustomBar.swift */,
			);
			path = CustomBar;
			sourceTree = "<group>";
		};
		166E2EA022D8260E006B621C /* Storyboard */ = {
			isa = PBXGroup;
			children = (
				16E0B6FE22D57F3E0008B224 /* LaunchScreen.storyboard */,
				16E0B6F622D57F3D0008B224 /* Main.storyboard */,
				166E2E9E22D825FC006B621C /* History.storyboard */,
				166F349A22DDA39B008D362F /* GoalsForm.storyboard */,
				166E2E9B22D825C2006B621C /* Home.storyboard */,
			);
			path = Storyboard;
			sourceTree = "<group>";
		};
		1689FD1C22DC415B0098F04C /* Model */ = {
			isa = PBXGroup;
			children = (
				16E0B6F922D57F3D0008B224 /* Joggen.xcdatamodeld */,
				16E0B70A22D5DDCC0008B224 /* Model.swift */,
				166E2EA122D8326D006B621C /* DataHandler.swift */,
			);
			path = Model;
			sourceTree = "<group>";
		};
		16E0B6E622D57F3D0008B224 = {
			isa = PBXGroup;
			children = (
				16E0B6F122D57F3D0008B224 /* Joggen */,
				16E0B6F022D57F3D0008B224 /* Products */,
			);
			sourceTree = "<group>";
		};
		16E0B6F022D57F3D0008B224 /* Products */ = {
			isa = PBXGroup;
			children = (
				16E0B6EF22D57F3D0008B224 /* Joggen.app */,
			);
			name = Products;
			sourceTree = "<group>";
		};
		16E0B6F122D57F3D0008B224 /* Joggen */ = {
			isa = PBXGroup;
			children = (
				165ADD2322E0190F0019BB3F /* CustomBar */,
				16E0B6F222D57F3D0008B224 /* AppDelegate.swift */,
				16E0B70E22D606CE0008B224 /* Controller */,
				1689FD1C22DC415B0098F04C /* Model */,
				166E2EA022D8260E006B621C /* Storyboard */,
				16E0B70922D5D9F80008B224 /* View Cell */,
				16E0B6FC22D57F3E0008B224 /* Assets.xcassets */,
				16E0B70122D57F3E0008B224 /* Info.plist */,
			);
			path = Joggen;
			sourceTree = "<group>";
		};
		16E0B70922D5D9F80008B224 /* View Cell */ = {
			isa = PBXGroup;
			children = (
				1689FD1A22DC33C60098F04C /* DetailHistoryTableViewCell.swift */,
				16B91D0F22D788DF0054655D /* WeekHistoryTableViewCell.swift */,
				16E0B70722D5D9F20008B224 /* HomeViewCell.swift */,
			);
			path = "View Cell";
			sourceTree = "<group>";
		};
		16E0B70E22D606CE0008B224 /* Controller */ = {
			isa = PBXGroup;
			children = (
				16FBC5D622E37A0F00FB8C57 /* Tracking Controller */,
				166F349C22DDA3C1008D362F /* GoalsFormViewController.swift */,
				16B8A0CD22DC226A00A023A1 /* DetailHistoryViewController.swift */,
				16B8A0CF22DC22D400A023A1 /* HistoryViewController.swift */,
				16E0B6F422D57F3D0008B224 /* ViewController.swift */,
			);
			path = Controller;
			sourceTree = "<group>";
		};
		16FBC5D622E37A0F00FB8C57 /* Tracking Controller */ = {
			isa = PBXGroup;
			children = (
				16FBC5D722E37A1D00FB8C57 /* TrackingStopWatch.swift */,
				166F349822DC49E5008D362F /* TrackingViewController.swift */,
				16FBC5DB22E37A8900FB8C57 /* TrackingSensor.swift */,
				16FBC5D922E37A5200FB8C57 /* TrackingUI.swift */,
			);
			path = "Tracking Controller";
			sourceTree = "<group>";
		};
/* End PBXGroup section */

/* Begin PBXNativeTarget section */
		16E0B6EE22D57F3D0008B224 /* Joggen */ = {
			isa = PBXNativeTarget;
			buildConfigurationList = 16E0B70422D57F3E0008B224 /* Build configuration list for PBXNativeTarget "Joggen" */;
			buildPhases = (
				16E0B6EB22D57F3D0008B224 /* Sources */,
				16E0B6EC22D57F3D0008B224 /* Frameworks */,
				16E0B6ED22D57F3D0008B224 /* Resources */,
			);
			buildRules = (
			);
			dependencies = (
			);
			name = Joggen;
			productName = Joggen;
			productReference = 16E0B6EF22D57F3D0008B224 /* Joggen.app */;
			productType = "com.apple.product-type.application";
		};
/* End PBXNativeTarget section */

/* Begin PBXProject section */
		16E0B6E722D57F3D0008B224 /* Project object */ = {
			isa = PBXProject;
			attributes = {
				LastSwiftUpdateCheck = 1020;
				LastUpgradeCheck = 1020;
				ORGANIZATIONNAME = "Tommy Ryanto";
				TargetAttributes = {
					16E0B6EE22D57F3D0008B224 = {
						CreatedOnToolsVersion = 10.2.1;
					};
				};
			};
			buildConfigurationList = 16E0B6EA22D57F3D0008B224 /* Build configuration list for PBXProject "Joggen" */;
			compatibilityVersion = "Xcode 9.3";
			developmentRegion = en;
			hasScannedForEncodings = 0;
			knownRegions = (
				en,
				Base,
			);
			mainGroup = 16E0B6E622D57F3D0008B224;
			productRefGroup = 16E0B6F022D57F3D0008B224 /* Products */;
			projectDirPath = "";
			projectRoot = "";
			targets = (
				16E0B6EE22D57F3D0008B224 /* Joggen */,
			);
		};
/* End PBXProject section */

/* Begin PBXResourcesBuildPhase section */
		16E0B6ED22D57F3D0008B224 /* Resources */ = {
			isa = PBXResourcesBuildPhase;
			buildActionMask = 2147483647;
			files = (
				166F349B22DDA39B008D362F /* GoalsForm.storyboard in Resources */,
				16E0B70022D57F3E0008B224 /* LaunchScreen.storyboard in Resources */,
				16E0B6FD22D57F3E0008B224 /* Assets.xcassets in Resources */,
				16E0B6F822D57F3D0008B224 /* Main.storyboard in Resources */,
				166E2E9F22D825FC006B621C /* History.storyboard in Resources */,
				166E2E9D22D825C2006B621C /* Home.storyboard in Resources */,
			);
			runOnlyForDeploymentPostprocessing = 0;
		};
/* End PBXResourcesBuildPhase section */

/* Begin PBXSourcesBuildPhase section */
		16E0B6EB22D57F3D0008B224 /* Sources */ = {
			isa = PBXSourcesBuildPhase;
			buildActionMask = 2147483647;
			files = (
				16E0B70B22D5DDCC0008B224 /* Model.swift in Sources */,
				16E0B6F522D57F3D0008B224 /* ViewController.swift in Sources */,
				166F349922DC49E5008D362F /* TrackingViewController.swift in Sources */,
				1689FD1B22DC33C60098F04C /* DetailHistoryTableViewCell.swift in Sources */,
				16FBC5D822E37A1D00FB8C57 /* TrackingStopWatch.swift in Sources */,
				16E0B70822D5D9F20008B224 /* HomeViewCell.swift in Sources */,
				16E0B6F322D57F3D0008B224 /* AppDelegate.swift in Sources */,
				166E2EA222D8326D006B621C /* DataHandler.swift in Sources */,
				166F349D22DDA3C1008D362F /* GoalsFormViewController.swift in Sources */,
				165ADD2522E0191C0019BB3F /* CustomBar.swift in Sources */,
				16B8A0CE22DC226A00A023A1 /* DetailHistoryViewController.swift in Sources */,
				16B8A0D022DC22D400A023A1 /* HistoryViewController.swift in Sources */,
				16FBC5DC22E37A8900FB8C57 /* TrackingSensor.swift in Sources */,
				16B91D1022D788DF0054655D /* WeekHistoryTableViewCell.swift in Sources */,
				16E0B6FB22D57F3D0008B224 /* Joggen.xcdatamodeld in Sources */,
				16FBC5DA22E37A5200FB8C57 /* TrackingUI.swift in Sources */,
			);
			runOnlyForDeploymentPostprocessing = 0;
		};
/* End PBXSourcesBuildPhase section */

/* Begin PBXVariantGroup section */
		166E2E9B22D825C2006B621C /* Home.storyboard */ = {
			isa = PBXVariantGroup;
			children = (
				166E2E9C22D825C2006B621C /* Base */,
			);
			name = Home.storyboard;
			sourceTree = "<group>";
		};
		16E0B6F622D57F3D0008B224 /* Main.storyboard */ = {
			isa = PBXVariantGroup;
			children = (
				16E0B6F722D57F3D0008B224 /* Base */,
			);
			name = Main.storyboard;
			sourceTree = "<group>";
		};
		16E0B6FE22D57F3E0008B224 /* LaunchScreen.storyboard */ = {
			isa = PBXVariantGroup;
			children = (
				16E0B6FF22D57F3E0008B224 /* Base */,
			);
			name = LaunchScreen.storyboard;
			sourceTree = "<group>";
		};
/* End PBXVariantGroup section */

/* Begin XCBuildConfiguration section */
		16E0B70222D57F3E0008B224 /* Debug */ = {
			isa = XCBuildConfiguration;
			buildSettings = {
				ALWAYS_SEARCH_USER_PATHS = NO;
				CLANG_ANALYZER_NONNULL = YES;
				CLANG_ANALYZER_NUMBER_OBJECT_CONVERSION = YES_AGGRESSIVE;
				CLANG_CXX_LANGUAGE_STANDARD = "gnu++14";
				CLANG_CXX_LIBRARY = "libc++";
				CLANG_ENABLE_MODULES = YES;
				CLANG_ENABLE_OBJC_ARC = YES;
				CLANG_ENABLE_OBJC_WEAK = YES;
				CLANG_WARN_BLOCK_CAPTURE_AUTORELEASING = YES;
				CLANG_WARN_BOOL_CONVERSION = YES;
				CLANG_WARN_COMMA = YES;
				CLANG_WARN_CONSTANT_CONVERSION = YES;
				CLANG_WARN_DEPRECATED_OBJC_IMPLEMENTATIONS = YES;
				CLANG_WARN_DIRECT_OBJC_ISA_USAGE = YES_ERROR;
				CLANG_WARN_DOCUMENTATION_COMMENTS = YES;
				CLANG_WARN_EMPTY_BODY = YES;
				CLANG_WARN_ENUM_CONVERSION = YES;
				CLANG_WARN_INFINITE_RECURSION = YES;
				CLANG_WARN_INT_CONVERSION = YES;
				CLANG_WARN_NON_LITERAL_NULL_CONVERSION = YES;
				CLANG_WARN_OBJC_IMPLICIT_RETAIN_SELF = YES;
				CLANG_WARN_OBJC_LITERAL_CONVERSION = YES;
				CLANG_WARN_OBJC_ROOT_CLASS = YES_ERROR;
				CLANG_WARN_RANGE_LOOP_ANALYSIS = YES;
				CLANG_WARN_STRICT_PROTOTYPES = YES;
				CLANG_WARN_SUSPICIOUS_MOVE = YES;
				CLANG_WARN_UNGUARDED_AVAILABILITY = YES_AGGRESSIVE;
				CLANG_WARN_UNREACHABLE_CODE = YES;
				CLANG_WARN__DUPLICATE_METHOD_MATCH = YES;
				CODE_SIGN_IDENTITY = "iPhone Developer";
				COPY_PHASE_STRIP = NO;
				DEBUG_INFORMATION_FORMAT = dwarf;
				ENABLE_STRICT_OBJC_MSGSEND = YES;
				ENABLE_TESTABILITY = YES;
				GCC_C_LANGUAGE_STANDARD = gnu11;
				GCC_DYNAMIC_NO_PIC = NO;
				GCC_NO_COMMON_BLOCKS = YES;
				GCC_OPTIMIZATION_LEVEL = 0;
				GCC_PREPROCESSOR_DEFINITIONS = (
					"DEBUG=1",
					"$(inherited)",
				);
				GCC_WARN_64_TO_32_BIT_CONVERSION = YES;
				GCC_WARN_ABOUT_RETURN_TYPE = YES_ERROR;
				GCC_WARN_UNDECLARED_SELECTOR = YES;
				GCC_WARN_UNINITIALIZED_AUTOS = YES_AGGRESSIVE;
				GCC_WARN_UNUSED_FUNCTION = YES;
				GCC_WARN_UNUSED_VARIABLE = YES;
				IPHONEOS_DEPLOYMENT_TARGET = 12.2;
				MTL_ENABLE_DEBUG_INFO = INCLUDE_SOURCE;
				MTL_FAST_MATH = YES;
				ONLY_ACTIVE_ARCH = YES;
				SDKROOT = iphoneos;
				SWIFT_ACTIVE_COMPILATION_CONDITIONS = DEBUG;
				SWIFT_OPTIMIZATION_LEVEL = "-Onone";
			};
			name = Debug;
		};
		16E0B70322D57F3E0008B224 /* Release */ = {
			isa = XCBuildConfiguration;
			buildSettings = {
				ALWAYS_SEARCH_USER_PATHS = NO;
				CLANG_ANALYZER_NONNULL = YES;
				CLANG_ANALYZER_NUMBER_OBJECT_CONVERSION = YES_AGGRESSIVE;
				CLANG_CXX_LANGUAGE_STANDARD = "gnu++14";
				CLANG_CXX_LIBRARY = "libc++";
				CLANG_ENABLE_MODULES = YES;
				CLANG_ENABLE_OBJC_ARC = YES;
				CLANG_ENABLE_OBJC_WEAK = YES;
				CLANG_WARN_BLOCK_CAPTURE_AUTORELEASING = YES;
				CLANG_WARN_BOOL_CONVERSION = YES;
				CLANG_WARN_COMMA = YES;
				CLANG_WARN_CONSTANT_CONVERSION = YES;
				CLANG_WARN_DEPRECATED_OBJC_IMPLEMENTATIONS = YES;
				CLANG_WARN_DIRECT_OBJC_ISA_USAGE = YES_ERROR;
				CLANG_WARN_DOCUMENTATION_COMMENTS = YES;
				CLANG_WARN_EMPTY_BODY = YES;
				CLANG_WARN_ENUM_CONVERSION = YES;
				CLANG_WARN_INFINITE_RECURSION = YES;
				CLANG_WARN_INT_CONVERSION = YES;
				CLANG_WARN_NON_LITERAL_NULL_CONVERSION = YES;
				CLANG_WARN_OBJC_IMPLICIT_RETAIN_SELF = YES;
				CLANG_WARN_OBJC_LITERAL_CONVERSION = YES;
				CLANG_WARN_OBJC_ROOT_CLASS = YES_ERROR;
				CLANG_WARN_RANGE_LOOP_ANALYSIS = YES;
				CLANG_WARN_STRICT_PROTOTYPES = YES;
				CLANG_WARN_SUSPICIOUS_MOVE = YES;
				CLANG_WARN_UNGUARDED_AVAILABILITY = YES_AGGRESSIVE;
				CLANG_WARN_UNREACHABLE_CODE = YES;
				CLANG_WARN__DUPLICATE_METHOD_MATCH = YES;
				CODE_SIGN_IDENTITY = "iPhone Developer";
				COPY_PHASE_STRIP = NO;
				DEBUG_INFORMATION_FORMAT = "dwarf-with-dsym";
				ENABLE_NS_ASSERTIONS = NO;
				ENABLE_STRICT_OBJC_MSGSEND = YES;
				GCC_C_LANGUAGE_STANDARD = gnu11;
				GCC_NO_COMMON_BLOCKS = YES;
				GCC_WARN_64_TO_32_BIT_CONVERSION = YES;
				GCC_WARN_ABOUT_RETURN_TYPE = YES_ERROR;
				GCC_WARN_UNDECLARED_SELECTOR = YES;
				GCC_WARN_UNINITIALIZED_AUTOS = YES_AGGRESSIVE;
				GCC_WARN_UNUSED_FUNCTION = YES;
				GCC_WARN_UNUSED_VARIABLE = YES;
				IPHONEOS_DEPLOYMENT_TARGET = 12.2;
				MTL_ENABLE_DEBUG_INFO = NO;
				MTL_FAST_MATH = YES;
				SDKROOT = iphoneos;
				SWIFT_COMPILATION_MODE = wholemodule;
				SWIFT_OPTIMIZATION_LEVEL = "-O";
				VALIDATE_PRODUCT = YES;
			};
			name = Release;
		};
		16E0B70522D57F3E0008B224 /* Debug */ = {
			isa = XCBuildConfiguration;
			buildSettings = {
				ASSETCATALOG_COMPILER_APPICON_NAME = AppIcon;
				CODE_SIGN_STYLE = Automatic;
				DEVELOPMENT_TEAM = L3GCNWN7B4;
				INFOPLIST_FILE = Joggen/Info.plist;
				LD_RUNPATH_SEARCH_PATHS = (
					"$(inherited)",
					"@executable_path/Frameworks",
				);
				PRODUCT_BUNDLE_IDENTIFIER = com.TommyR.Joggen;
				PRODUCT_NAME = "$(TARGET_NAME)";
				SWIFT_VERSION = 5.0;
				TARGETED_DEVICE_FAMILY = 1;
			};
			name = Debug;
		};
		16E0B70622D57F3E0008B224 /* Release */ = {
			isa = XCBuildConfiguration;
			buildSettings = {
				ASSETCATALOG_COMPILER_APPICON_NAME = AppIcon;
				CODE_SIGN_STYLE = Automatic;
				DEVELOPMENT_TEAM = L3GCNWN7B4;
				INFOPLIST_FILE = Joggen/Info.plist;
				LD_RUNPATH_SEARCH_PATHS = (
					"$(inherited)",
					"@executable_path/Frameworks",
				);
				PRODUCT_BUNDLE_IDENTIFIER = com.TommyR.Joggen;
				PRODUCT_NAME = "$(TARGET_NAME)";
				SWIFT_VERSION = 5.0;
				TARGETED_DEVICE_FAMILY = 1;
			};
			name = Release;
		};
/* End XCBuildConfiguration section */

/* Begin XCConfigurationList section */
		16E0B6EA22D57F3D0008B224 /* Build configuration list for PBXProject "Joggen" */ = {
			isa = XCConfigurationList;
			buildConfigurations = (
				16E0B70222D57F3E0008B224 /* Debug */,
				16E0B70322D57F3E0008B224 /* Release */,
			);
			defaultConfigurationIsVisible = 0;
			defaultConfigurationName = Release;
		};
		16E0B70422D57F3E0008B224 /* Build configuration list for PBXNativeTarget "Joggen" */ = {
			isa = XCConfigurationList;
			buildConfigurations = (
				16E0B70522D57F3E0008B224 /* Debug */,
				16E0B70622D57F3E0008B224 /* Release */,
			);
			defaultConfigurationIsVisible = 0;
			defaultConfigurationName = Release;
		};
/* End XCConfigurationList section */

/* Begin XCVersionGroup section */
		16E0B6F922D57F3D0008B224 /* Joggen.xcdatamodeld */ = {
			isa = XCVersionGroup;
			children = (
				16E0B6FA22D57F3D0008B224 /* Joggen.xcdatamodel */,
			);
			currentVersion = 16E0B6FA22D57F3D0008B224 /* Joggen.xcdatamodel */;
			path = Joggen.xcdatamodeld;
			sourceTree = "<group>";
			versionGroupType = wrapper.xcdatamodel;
		};
/* End XCVersionGroup section */
	};
	rootObject = 16E0B6E722D57F3D0008B224 /* Project object */;
}
